lockfileVersion: '9.0'

settings:
  autoInstallPeers: true
  excludeLinksFromLockfile: false

importers:

  .:
    devDependencies:
      typescript:
        specifier: ^5.0.0
        version: 5.9.3

  packages/pkg-app:
    dependencies:
      '@fix-cc/pkg-utils':
        specifier: workspace:*
        version: link:../pkg-utils

  packages/pkg-core: {}

  packages/pkg-utils:
    dependencies:
      '@fix-cc/pkg-core':
        specifier: workspace:*
        version: link:../pkg-core

packages:

  typescript@5.9.3:
    resolution: {integrity: sha512-jl1vZzPDinLr9eUt3J/t7V6FgNEw9QjvBPdysz9KfQDD41fQrC2Y4vKQdiaUpFT4bXlb1RHhLpp8wtm6M5TgSw==}
    engines: {node: '>=14.17'}
    hasBin: true

snapshots:

  typescript@5.9.3: {}
